// !$*UTF8*$!
{
	archiveVersion = 1;
	classes = {
	};
	objectVersion = 54;
	objects = {

/* Begin PBXBuildFile section */
		00E356F31AD99517003FC87E /* HomebasePhotosTests.m in Sources */ = {isa = PBXBuildFile; fileRef = 00E356F21AD99517003FC87E /* HomebasePhotosTests.m */; };
		13B07FBC1A68108700A75B9A /* AppDelegate.mm in Sources */ = {isa = PBXBuildFile; fileRef = 13B07FB01A68108700A75B9A /* AppDelegate.mm */; };
		13B07FBF1A68108700A75B9A /* Images.xcassets in Resources */ = {isa = PBXBuildFile; fileRef = 13B07FB51A68108700A75B9A /* Images.xcassets */; };
		13B07FC11A68108700A75B9A /* main.m in Sources */ = {isa = PBXBuildFile; fileRef = 13B07FB71A68108700A75B9A /* main.m */; };
		5807F09D3A62122DCEC642A8 /* libPods-HomebasePhotos-HomebasePhotosTests.a in Frameworks */ = {isa = PBXBuildFile; fileRef = 31C16126578260B539F02DB6 /* libPods-HomebasePhotos-HomebasePhotosTests.a */; };
		81AB9BB82411601600AC10FF /* LaunchScreen.storyboard in Resources */ = {isa = PBXBuildFile; fileRef = 81AB9BB72411601600AC10FF /* LaunchScreen.storyboard */; };
		F98D1801233E0B43BC818328 /* libPods-HomebasePhotos.a in Frameworks */ = {isa = PBXBuildFile; fileRef = 0404990F6F069703266226B6 /* libPods-HomebasePhotos.a */; };
/* End PBXBuildFile section */

/* Begin PBXContainerItemProxy section */
		00E356F41AD99517003FC87E /* PBXContainerItemProxy */ = {
			isa = PBXContainerItemProxy;
			containerPortal = 83CBB9F71A601CBA00E9B192 /* Project object */;
			proxyType = 1;
			remoteGlobalIDString = 13B07F861A680F5B00A75B9A;
			remoteInfo = HomebasePhotos;
		};
/* End PBXContainerItemProxy section */

/* Begin PBXCopyFilesBuildPhase section */
		C288F5392B1A4C1D00290A42 /* Embed Frameworks */ = {
			isa = PBXCopyFilesBuildPhase;
			buildActionMask = 2147483647;
			dstPath = "";
			dstSubfolderSpec = 10;
			files = (
			);
			name = "Embed Frameworks";
			runOnlyForDeploymentPostprocessing = 0;
		};
/* End PBXCopyFilesBuildPhase section */

/* Begin PBXFileReference section */
		00E356EE1AD99517003FC87E /* HomebasePhotosTests.xctest */ = {isa = PBXFileReference; explicitFileType = wrapper.cfbundle; includeInIndex = 0; path = HomebasePhotosTests.xctest; sourceTree = BUILT_PRODUCTS_DIR; };
		00E356F11AD99517003FC87E /* Info.plist */ = {isa = PBXFileReference; lastKnownFileType = text.plist.xml; path = Info.plist; sourceTree = "<group>"; };
		00E356F21AD99517003FC87E /* HomebasePhotosTests.m */ = {isa = PBXFileReference; lastKnownFileType = sourcecode.c.objc; path = HomebasePhotosTests.m; sourceTree = "<group>"; };
		0404990F6F069703266226B6 /* libPods-HomebasePhotos.a */ = {isa = PBXFileReference; explicitFileType = archive.ar; includeInIndex = 0; path = "libPods-HomebasePhotos.a"; sourceTree = BUILT_PRODUCTS_DIR; };
		13B07F961A680F5B00A75B9A /* HomebasePhotos.app */ = {isa = PBXFileReference; explicitFileType = wrapper.application; includeInIndex = 0; path = HomebasePhotos.app; sourceTree = BUILT_PRODUCTS_DIR; };
		13B07FAF1A68108700A75B9A /* AppDelegate.h */ = {isa = PBXFileReference; fileEncoding = 4; lastKnownFileType = sourcecode.c.h; name = AppDelegate.h; path = HomebasePhotos/AppDelegate.h; sourceTree = "<group>"; };
		13B07FB01A68108700A75B9A /* AppDelegate.mm */ = {isa = PBXFileReference; fileEncoding = 4; lastKnownFileType = sourcecode.cpp.objcpp; name = AppDelegate.mm; path = HomebasePhotos/AppDelegate.mm; sourceTree = "<group>"; };
		13B07FB51A68108700A75B9A /* Images.xcassets */ = {isa = PBXFileReference; lastKnownFileType = folder.assetcatalog; name = Images.xcassets; path = HomebasePhotos/Images.xcassets; sourceTree = "<group>"; };
		13B07FB61A68108700A75B9A /* Info.plist */ = {isa = PBXFileReference; fileEncoding = 4; lastKnownFileType = text.plist.xml; name = Info.plist; path = HomebasePhotos/Info.plist; sourceTree = "<group>"; };
		13B07FB71A68108700A75B9A /* main.m */ = {isa = PBXFileReference; fileEncoding = 4; lastKnownFileType = sourcecode.c.objc; name = main.m; path = HomebasePhotos/main.m; sourceTree = "<group>"; };
		18E6CCC90D9F77CAABCFA659 /* Pods-HomebasePhotos.release.xcconfig */ = {isa = PBXFileReference; includeInIndex = 1; lastKnownFileType = text.xcconfig; name = "Pods-HomebasePhotos.release.xcconfig"; path = "Target Support Files/Pods-HomebasePhotos/Pods-HomebasePhotos.release.xcconfig"; sourceTree = "<group>"; };
		23AC5A94C54ABB8A0E6ABF4C /* Pods-HomebasePhotos-HomebasePhotosTests.release.xcconfig */ = {isa = PBXFileReference; includeInIndex = 1; lastKnownFileType = text.xcconfig; name = "Pods-HomebasePhotos-HomebasePhotosTests.release.xcconfig"; path = "Target Support Files/Pods-HomebasePhotos-HomebasePhotosTests/Pods-HomebasePhotos-HomebasePhotosTests.release.xcconfig"; sourceTree = "<group>"; };
		31C16126578260B539F02DB6 /* libPods-HomebasePhotos-HomebasePhotosTests.a */ = {isa = PBXFileReference; explicitFileType = archive.ar; includeInIndex = 0; path = "libPods-HomebasePhotos-HomebasePhotosTests.a"; sourceTree = BUILT_PRODUCTS_DIR; };
		3BFC0DF1283E4737040AD76A /* Pods-HomebasePhotos-HomebasePhotosTests.debug.xcconfig */ = {isa = PBXFileReference; includeInIndex = 1; lastKnownFileType = text.xcconfig; name = "Pods-HomebasePhotos-HomebasePhotosTests.debug.xcconfig"; path = "Target Support Files/Pods-HomebasePhotos-HomebasePhotosTests/Pods-HomebasePhotos-HomebasePhotosTests.debug.xcconfig"; sourceTree = "<group>"; };
		81AB9BB72411601600AC10FF /* LaunchScreen.storyboard */ = {isa = PBXFileReference; fileEncoding = 4; lastKnownFileType = file.storyboard; name = LaunchScreen.storyboard; path = HomebasePhotos/LaunchScreen.storyboard; sourceTree = "<group>"; };
		9E9D6624939BC636C3388E40 /* Pods-HomebasePhotos.debug.xcconfig */ = {isa = PBXFileReference; includeInIndex = 1; lastKnownFileType = text.xcconfig; name = "Pods-HomebasePhotos.debug.xcconfig"; path = "Target Support Files/Pods-HomebasePhotos/Pods-HomebasePhotos.debug.xcconfig"; sourceTree = "<group>"; };
		ED297162215061F000B7C4FE /* JavaScriptCore.framework */ = {isa = PBXFileReference; lastKnownFileType = wrapper.framework; name = JavaScriptCore.framework; path = System/Library/Frameworks/JavaScriptCore.framework; sourceTree = SDKROOT; };
/* End PBXFileReference section */

/* Begin PBXFrameworksBuildPhase section */
		00E356EB1AD99517003FC87E /* Frameworks */ = {
			isa = PBXFrameworksBuildPhase;
			buildActionMask = 2147483647;
			files = (
				5807F09D3A62122DCEC642A8 /* libPods-HomebasePhotos-HomebasePhotosTests.a in Frameworks */,
			);
			runOnlyForDeploymentPostprocessing = 0;
		};
		13B07F8C1A680F5B00A75B9A /* Frameworks */ = {
			isa = PBXFrameworksBuildPhase;
			buildActionMask = 2147483647;
			files = (
				F98D1801233E0B43BC818328 /* libPods-HomebasePhotos.a in Frameworks */,
			);
			runOnlyForDeploymentPostprocessing = 0;
		};
/* End PBXFrameworksBuildPhase section */

/* Begin PBXGroup section */
		00E356EF1AD99517003FC87E /* HomebasePhotosTests */ = {
			isa = PBXGroup;
			children = (
				00E356F21AD99517003FC87E /* HomebasePhotosTests.m */,
				00E356F01AD99517003FC87E /* Supporting Files */,
			);
			path = HomebasePhotosTests;
			sourceTree = "<group>";
		};
		00E356F01AD99517003FC87E /* Supporting Files */ = {
			isa = PBXGroup;
			children = (
				00E356F11AD99517003FC87E /* Info.plist */,
			);
			name = "Supporting Files";
			sourceTree = "<group>";
		};
		13B07FAE1A68108700A75B9A /* HomebasePhotos */ = {
			isa = PBXGroup;
			children = (
				13B07FAF1A68108700A75B9A /* AppDelegate.h */,
				13B07FB01A68108700A75B9A /* AppDelegate.mm */,
				13B07FB51A68108700A75B9A /* Images.xcassets */,
				13B07FB61A68108700A75B9A /* Info.plist */,
				81AB9BB72411601600AC10FF /* LaunchScreen.storyboard */,
				13B07FB71A68108700A75B9A /* main.m */,
			);
			name = HomebasePhotos;
			sourceTree = "<group>";
		};
		2D16E6871FA4F8E400B85C8A /* Frameworks */ = {
			isa = PBXGroup;
			children = (
				ED297162215061F000B7C4FE /* JavaScriptCore.framework */,
				0404990F6F069703266226B6 /* libPods-HomebasePhotos.a */,
				31C16126578260B539F02DB6 /* libPods-HomebasePhotos-HomebasePhotosTests.a */,
			);
			name = Frameworks;
			sourceTree = "<group>";
		};
		832341AE1AAA6A7D00B99B32 /* Libraries */ = {
			isa = PBXGroup;
			children = (
			);
			name = Libraries;
			sourceTree = "<group>";
		};
		83CBB9F61A601CBA00E9B192 = {
			isa = PBXGroup;
			children = (
				13B07FAE1A68108700A75B9A /* HomebasePhotos */,
				832341AE1AAA6A7D00B99B32 /* Libraries */,
				00E356EF1AD99517003FC87E /* HomebasePhotosTests */,
				83CBBA001A601CBA00E9B192 /* Products */,
				2D16E6871FA4F8E400B85C8A /* Frameworks */,
				BBD78D7AC51CEA395F1C20DB /* Pods */,
			);
			indentWidth = 2;
			sourceTree = "<group>";
			tabWidth = 2;
			usesTabs = 0;
		};
		83CBBA001A601CBA00E9B192 /* Products */ = {
			isa = PBXGroup;
			children = (
				13B07F961A680F5B00A75B9A /* HomebasePhotos.app */,
				00E356EE1AD99517003FC87E /* HomebasePhotosTests.xctest */,
			);
			name = Products;
			sourceTree = "<group>";
		};
		BBD78D7AC51CEA395F1C20DB /* Pods */ = {
			isa = PBXGroup;
			children = (
				9E9D6624939BC636C3388E40 /* Pods-HomebasePhotos.debug.xcconfig */,
				18E6CCC90D9F77CAABCFA659 /* Pods-HomebasePhotos.release.xcconfig */,
				3BFC0DF1283E4737040AD76A /* Pods-HomebasePhotos-HomebasePhotosTests.debug.xcconfig */,
				23AC5A94C54ABB8A0E6ABF4C /* Pods-HomebasePhotos-HomebasePhotosTests.release.xcconfig */,
			);
			path = Pods;
			sourceTree = "<group>";
		};
/* End PBXGroup section */

/* Begin PBXNativeTarget section */
		00E356ED1AD99517003FC87E /* HomebasePhotosTests */ = {
			isa = PBXNativeTarget;
			buildConfigurationList = 00E357021AD99517003FC87E /* Build configuration list for PBXNativeTarget "HomebasePhotosTests" */;
			buildPhases = (
				D0F14BB114EE2B591D5F9880 /* [CP] Check Pods Manifest.lock */,
				00E356EA1AD99517003FC87E /* Sources */,
				00E356EB1AD99517003FC87E /* Frameworks */,
				00E356EC1AD99517003FC87E /* Resources */,
				D48C801457D536701B834778 /* [CP] Embed Pods Frameworks */,
				23C9C4A8A187ECA439AA75BF /* [CP] Copy Pods Resources */,
			);
			buildRules = (
			);
			dependencies = (
				00E356F51AD99517003FC87E /* PBXTargetDependency */,
			);
			name = HomebasePhotosTests;
			productName = HomebasePhotosTests;
			productReference = 00E356EE1AD99517003FC87E /* HomebasePhotosTests.xctest */;
			productType = "com.apple.product-type.bundle.unit-test";
		};
		13B07F861A680F5B00A75B9A /* HomebasePhotos */ = {
			isa = PBXNativeTarget;
			buildConfigurationList = 13B07F931A680F5B00A75B9A /* Build configuration list for PBXNativeTarget "HomebasePhotos" */;
			buildPhases = (
				E6B685324E08BD07345282BB /* [CP] Check Pods Manifest.lock */,
				FD10A7F022414F080027D42C /* Start Packager */,
				13B07F871A680F5B00A75B9A /* Sources */,
				13B07F8C1A680F5B00A75B9A /* Frameworks */,
				13B07F8E1A680F5B00A75B9A /* Resources */,
				00DD1BFF1BD5951E006B06BC /* Bundle React Native code and images */,
				C288F5392B1A4C1D00290A42 /* Embed Frameworks */,
				CD0AE15B86247ABDD3E8A564 /* [CP] Embed Pods Frameworks */,
				9F5002A55206A91A1C7A21B2 /* [CP] Copy Pods Resources */,
			);
			buildRules = (
			);
			dependencies = (
			);
			name = HomebasePhotos;
			productName = HomebasePhotos;
			productReference = 13B07F961A680F5B00A75B9A /* HomebasePhotos.app */;
			productType = "com.apple.product-type.application";
		};
/* End PBXNativeTarget section */

/* Begin PBXProject section */
		83CBB9F71A601CBA00E9B192 /* Project object */ = {
			isa = PBXProject;
			attributes = {
				LastUpgradeCheck = 1210;
				TargetAttributes = {
					00E356ED1AD99517003FC87E = {
						CreatedOnToolsVersion = 6.2;
						TestTargetID = 13B07F861A680F5B00A75B9A;
					};
					13B07F861A680F5B00A75B9A = {
						LastSwiftMigration = 1120;
					};
				};
			};
			buildConfigurationList = 83CBB9FA1A601CBA00E9B192 /* Build configuration list for PBXProject "HomebasePhotos" */;
			compatibilityVersion = "Xcode 12.0";
			developmentRegion = en;
			hasScannedForEncodings = 0;
			knownRegions = (
				en,
				Base,
			);
			mainGroup = 83CBB9F61A601CBA00E9B192;
			productRefGroup = 83CBBA001A601CBA00E9B192 /* Products */;
			projectDirPath = "";
			projectRoot = "";
			targets = (
				13B07F861A680F5B00A75B9A /* HomebasePhotos */,
				00E356ED1AD99517003FC87E /* HomebasePhotosTests */,
			);
		};
/* End PBXProject section */

/* Begin PBXResourcesBuildPhase section */
		00E356EC1AD99517003FC87E /* Resources */ = {
			isa = PBXResourcesBuildPhase;
			buildActionMask = 2147483647;
			files = (
			);
			runOnlyForDeploymentPostprocessing = 0;
		};
		13B07F8E1A680F5B00A75B9A /* Resources */ = {
			isa = PBXResourcesBuildPhase;
			buildActionMask = 2147483647;
			files = (
				81AB9BB82411601600AC10FF /* LaunchScreen.storyboard in Resources */,
				13B07FBF1A68108700A75B9A /* Images.xcassets in Resources */,
			);
			runOnlyForDeploymentPostprocessing = 0;
		};
/* End PBXResourcesBuildPhase section */

/* Begin PBXShellScriptBuildPhase section */
		00DD1BFF1BD5951E006B06BC /* Bundle React Native code and images */ = {
			isa = PBXShellScriptBuildPhase;
			buildActionMask = 2147483647;
			files = (
			);
			inputPaths = (
				"$(SRCROOT)/.xcode.env.local",
				"$(SRCROOT)/.xcode.env",
			);
			name = "Bundle React Native code and images";
			outputPaths = (
			);
			runOnlyForDeploymentPostprocessing = 0;
			shellPath = /bin/sh;
			shellScript = "set -e\n\n\nWITH_ENVIRONMENT=\"../../../node_modules/react-native/scripts/xcode/with-environment.sh\"\nREACT_NATIVE_XCODE=\"../../../node_modules/react-native/scripts/react-native-xcode.sh\"\n\n/bin/sh -c \"$WITH_ENVIRONMENT $REACT_NATIVE_XCODE\"\n";
		};
		23C9C4A8A187ECA439AA75BF /* [CP] Copy Pods Resources */ = {
			isa = PBXShellScriptBuildPhase;
			buildActionMask = 2147483647;
			files = (
			);
			inputFileListPaths = (
				"${PODS_ROOT}/Target Support Files/Pods-HomebasePhotos-HomebasePhotosTests/Pods-HomebasePhotos-HomebasePhotosTests-resources-${CONFIGURATION}-input-files.xcfilelist",
			);
			name = "[CP] Copy Pods Resources";
			outputFileListPaths = (
				"${PODS_ROOT}/Target Support Files/Pods-HomebasePhotos-HomebasePhotosTests/Pods-HomebasePhotos-HomebasePhotosTests-resources-${CONFIGURATION}-output-files.xcfilelist",
			);
			runOnlyForDeploymentPostprocessing = 0;
			shellPath = /bin/sh;
			shellScript = "\"${PODS_ROOT}/Target Support Files/Pods-HomebasePhotos-HomebasePhotosTests/Pods-HomebasePhotos-HomebasePhotosTests-resources.sh\"\n";
			showEnvVarsInLog = 0;
		};
		9F5002A55206A91A1C7A21B2 /* [CP] Copy Pods Resources */ = {
			isa = PBXShellScriptBuildPhase;
			buildActionMask = 2147483647;
			files = (
			);
			inputFileListPaths = (
				"${PODS_ROOT}/Target Support Files/Pods-HomebasePhotos/Pods-HomebasePhotos-resources-${CONFIGURATION}-input-files.xcfilelist",
			);
			name = "[CP] Copy Pods Resources";
			outputFileListPaths = (
				"${PODS_ROOT}/Target Support Files/Pods-HomebasePhotos/Pods-HomebasePhotos-resources-${CONFIGURATION}-output-files.xcfilelist",
			);
			runOnlyForDeploymentPostprocessing = 0;
			shellPath = /bin/sh;
			shellScript = "\"${PODS_ROOT}/Target Support Files/Pods-HomebasePhotos/Pods-HomebasePhotos-resources.sh\"\n";
			showEnvVarsInLog = 0;
		};
		CD0AE15B86247ABDD3E8A564 /* [CP] Embed Pods Frameworks */ = {
			isa = PBXShellScriptBuildPhase;
			buildActionMask = 2147483647;
			files = (
			);
			inputFileListPaths = (
				"${PODS_ROOT}/Target Support Files/Pods-HomebasePhotos/Pods-HomebasePhotos-frameworks-${CONFIGURATION}-input-files.xcfilelist",
			);
			name = "[CP] Embed Pods Frameworks";
			outputFileListPaths = (
				"${PODS_ROOT}/Target Support Files/Pods-HomebasePhotos/Pods-HomebasePhotos-frameworks-${CONFIGURATION}-output-files.xcfilelist",
			);
			runOnlyForDeploymentPostprocessing = 0;
			shellPath = /bin/sh;
			shellScript = "\"${PODS_ROOT}/Target Support Files/Pods-HomebasePhotos/Pods-HomebasePhotos-frameworks.sh\"\n";
			showEnvVarsInLog = 0;
		};
		D0F14BB114EE2B591D5F9880 /* [CP] Check Pods Manifest.lock */ = {
			isa = PBXShellScriptBuildPhase;
			buildActionMask = 2147483647;
			files = (
			);
			inputFileListPaths = (
			);
			inputPaths = (
				"${PODS_PODFILE_DIR_PATH}/Podfile.lock",
				"${PODS_ROOT}/Manifest.lock",
			);
			name = "[CP] Check Pods Manifest.lock";
			outputFileListPaths = (
			);
			outputPaths = (
				"$(DERIVED_FILE_DIR)/Pods-HomebasePhotos-HomebasePhotosTests-checkManifestLockResult.txt",
			);
			runOnlyForDeploymentPostprocessing = 0;
			shellPath = /bin/sh;
			shellScript = "diff \"${PODS_PODFILE_DIR_PATH}/Podfile.lock\" \"${PODS_ROOT}/Manifest.lock\" > /dev/null\nif [ $? != 0 ] ; then\n    # print error to STDERR\n    echo \"error: The sandbox is not in sync with the Podfile.lock. Run 'pod install' or update your CocoaPods installation.\" >&2\n    exit 1\nfi\n# This output is used by Xcode 'outputs' to avoid re-running this script phase.\necho \"SUCCESS\" > \"${SCRIPT_OUTPUT_FILE_0}\"\n";
			showEnvVarsInLog = 0;
		};
		D48C801457D536701B834778 /* [CP] Embed Pods Frameworks */ = {
			isa = PBXShellScriptBuildPhase;
			buildActionMask = 2147483647;
			files = (
			);
			inputFileListPaths = (
				"${PODS_ROOT}/Target Support Files/Pods-HomebasePhotos-HomebasePhotosTests/Pods-HomebasePhotos-HomebasePhotosTests-frameworks-${CONFIGURATION}-input-files.xcfilelist",
			);
			name = "[CP] Embed Pods Frameworks";
			outputFileListPaths = (
				"${PODS_ROOT}/Target Support Files/Pods-HomebasePhotos-HomebasePhotosTests/Pods-HomebasePhotos-HomebasePhotosTests-frameworks-${CONFIGURATION}-output-files.xcfilelist",
			);
			runOnlyForDeploymentPostprocessing = 0;
			shellPath = /bin/sh;
			shellScript = "\"${PODS_ROOT}/Target Support Files/Pods-HomebasePhotos-HomebasePhotosTests/Pods-HomebasePhotos-HomebasePhotosTests-frameworks.sh\"\n";
			showEnvVarsInLog = 0;
		};
		E6B685324E08BD07345282BB /* [CP] Check Pods Manifest.lock */ = {
			isa = PBXShellScriptBuildPhase;
			buildActionMask = 2147483647;
			files = (
			);
			inputFileListPaths = (
			);
			inputPaths = (
				"${PODS_PODFILE_DIR_PATH}/Podfile.lock",
				"${PODS_ROOT}/Manifest.lock",
			);
			name = "[CP] Check Pods Manifest.lock";
			outputFileListPaths = (
			);
			outputPaths = (
				"$(DERIVED_FILE_DIR)/Pods-HomebasePhotos-checkManifestLockResult.txt",
			);
			runOnlyForDeploymentPostprocessing = 0;
			shellPath = /bin/sh;
			shellScript = "diff \"${PODS_PODFILE_DIR_PATH}/Podfile.lock\" \"${PODS_ROOT}/Manifest.lock\" > /dev/null\nif [ $? != 0 ] ; then\n    # print error to STDERR\n    echo \"error: The sandbox is not in sync with the Podfile.lock. Run 'pod install' or update your CocoaPods installation.\" >&2\n    exit 1\nfi\n# This output is used by Xcode 'outputs' to avoid re-running this script phase.\necho \"SUCCESS\" > \"${SCRIPT_OUTPUT_FILE_0}\"\n";
			showEnvVarsInLog = 0;
		};
		FD10A7F022414F080027D42C /* Start Packager */ = {
			isa = PBXShellScriptBuildPhase;
			buildActionMask = 2147483647;
			files = (
			);
			inputFileListPaths = (
			);
			inputPaths = (
			);
			name = "Start Packager";
			outputFileListPaths = (
			);
			outputPaths = (
			);
			runOnlyForDeploymentPostprocessing = 0;
			shellPath = /bin/sh;
			shellScript = "export RCT_METRO_PORT=\"${RCT_METRO_PORT:=8081}\"\necho \"export RCT_METRO_PORT=${RCT_METRO_PORT}\" > \"${SRCROOT}/../node_modules/react-native/scripts/.packager.env\"\nif [ -z \"${RCT_NO_LAUNCH_PACKAGER+xxx}\" ] ; then\n  if nc -w 5 -z localhost ${RCT_METRO_PORT} ; then\n    if ! curl -s \"http://localhost:${RCT_METRO_PORT}/status\" | grep -q \"packager-status:running\" ; then\n      echo \"Port ${RCT_METRO_PORT} already in use, packager is either not running or not running correctly\"\n      exit 2\n    fi\n  else\n    open \"$SRCROOT/../node_modules/react-native/scripts/launchPackager.command\" || echo \"Can't start packager automatically\"\n  fi\nfi\n";
			showEnvVarsInLog = 0;
		};
/* End PBXShellScriptBuildPhase section */

/* Begin PBXSourcesBuildPhase section */
		00E356EA1AD99517003FC87E /* Sources */ = {
			isa = PBXSourcesBuildPhase;
			buildActionMask = 2147483647;
			files = (
				00E356F31AD99517003FC87E /* HomebasePhotosTests.m in Sources */,
			);
			runOnlyForDeploymentPostprocessing = 0;
		};
		13B07F871A680F5B00A75B9A /* Sources */ = {
			isa = PBXSourcesBuildPhase;
			buildActionMask = 2147483647;
			files = (
				13B07FBC1A68108700A75B9A /* AppDelegate.mm in Sources */,
				13B07FC11A68108700A75B9A /* main.m in Sources */,
			);
			runOnlyForDeploymentPostprocessing = 0;
		};
/* End PBXSourcesBuildPhase section */

/* Begin PBXTargetDependency section */
		00E356F51AD99517003FC87E /* PBXTargetDependency */ = {
			isa = PBXTargetDependency;
			target = 13B07F861A680F5B00A75B9A /* HomebasePhotos */;
			targetProxy = 00E356F41AD99517003FC87E /* PBXContainerItemProxy */;
		};
/* End PBXTargetDependency section */

/* Begin XCBuildConfiguration section */
		00E356F61AD99517003FC87E /* Debug */ = {
			isa = XCBuildConfiguration;
			baseConfigurationReference = 3BFC0DF1283E4737040AD76A /* Pods-HomebasePhotos-HomebasePhotosTests.debug.xcconfig */;
			buildSettings = {
				BUNDLE_LOADER = "$(TEST_HOST)";
				GCC_PREPROCESSOR_DEFINITIONS = (
					"DEBUG=1",
					"$(inherited)",
				);
				INFOPLIST_FILE = HomebasePhotosTests/Info.plist;
				IPHONEOS_DEPLOYMENT_TARGET = 12.4;
				LD_RUNPATH_SEARCH_PATHS = (
					"$(inherited)",
					"@executable_path/Frameworks",
					"@loader_path/Frameworks",
				);
				OTHER_LDFLAGS = (
					"-ObjC",
					"-lc++",
					"$(inherited)",
				);
				PRODUCT_BUNDLE_IDENTIFIER = id.homebase.photos;
				PRODUCT_NAME = "$(TARGET_NAME)";
				TEST_HOST = "$(BUILT_PRODUCTS_DIR)/HomebasePhotos.app/HomebasePhotos";
			};
			name = Debug;
		};
		00E356F71AD99517003FC87E /* Release */ = {
			isa = XCBuildConfiguration;
			baseConfigurationReference = 23AC5A94C54ABB8A0E6ABF4C /* Pods-HomebasePhotos-HomebasePhotosTests.release.xcconfig */;
			buildSettings = {
				BUNDLE_LOADER = "$(TEST_HOST)";
				COPY_PHASE_STRIP = NO;
				INFOPLIST_FILE = HomebasePhotosTests/Info.plist;
				IPHONEOS_DEPLOYMENT_TARGET = 12.4;
				LD_RUNPATH_SEARCH_PATHS = (
					"$(inherited)",
					"@executable_path/Frameworks",
					"@loader_path/Frameworks",
				);
				OTHER_LDFLAGS = (
					"-ObjC",
					"-lc++",
					"$(inherited)",
				);
				PRODUCT_BUNDLE_IDENTIFIER = id.homebase.photos;
				PRODUCT_NAME = "$(TARGET_NAME)";
				TEST_HOST = "$(BUILT_PRODUCTS_DIR)/HomebasePhotos.app/HomebasePhotos";
			};
			name = Release;
		};
		13B07F941A680F5B00A75B9A /* Debug */ = {
			isa = XCBuildConfiguration;
			baseConfigurationReference = 9E9D6624939BC636C3388E40 /* Pods-HomebasePhotos.debug.xcconfig */;
			buildSettings = {
				ASSETCATALOG_COMPILER_APPICON_NAME = AppIcon;
				CLANG_ENABLE_MODULES = YES;
				CODE_SIGN_STYLE = Manual;
				CURRENT_PROJECT_VERSION = 1;
				DEVELOPMENT_TEAM = "";
				ENABLE_BITCODE = NO;
				HEADER_SEARCH_PATHS = (
					"$(inherited)",
					"\"${PODS_ROOT}/Headers/Public\"",
					"\"${PODS_ROOT}/Headers/Public/CocoaAsyncSocket\"",
					"\"${PODS_ROOT}/Headers/Public/DoubleConversion\"",
					"\"${PODS_ROOT}/Headers/Public/FBLazyVector\"",
					"\"${PODS_ROOT}/Headers/Public/Flipper\"",
					"\"${PODS_ROOT}/Headers/Public/Flipper-Fmt\"",
					"\"${PODS_ROOT}/Headers/Public/Flipper-Folly\"",
					"\"${PODS_ROOT}/Headers/Public/Flipper-PeerTalk\"",
					"\"${PODS_ROOT}/Headers/Public/FlipperKit\"",
					"\"${PODS_ROOT}/Headers/Public/MMKV\"",
					"\"${PODS_ROOT}/Headers/Public/MMKVCore\"",
					"\"${PODS_ROOT}/Headers/Public/RCT-Folly\"",
					"\"${PODS_ROOT}/Headers/Public/RCTRequired\"",
					"\"${PODS_ROOT}/Headers/Public/RCTTypeSafety\"",
					"\"${PODS_ROOT}/Headers/Public/RNScreens\"",
					"\"${PODS_ROOT}/Headers/Public/React-Codegen\"",
					"\"${PODS_ROOT}/Headers/Public/React-Core\"",
					"\"${PODS_ROOT}/Headers/Public/React-NativeModulesApple\"",
					"\"${PODS_ROOT}/Headers/Public/React-RCTAnimation\"",
					"\"${PODS_ROOT}/Headers/Public/React-RCTAppDelegate\"",
					"\"${PODS_ROOT}/Headers/Public/React-RCTBlob\"",
					"\"${PODS_ROOT}/Headers/Public/React-RCTText\"",
					"\"${PODS_ROOT}/Headers/Public/React-callinvoker\"",
					"\"${PODS_ROOT}/Headers/Public/React-cxxreact\"",
					"\"${PODS_ROOT}/Headers/Public/React-debug\"",
					"\"${PODS_ROOT}/Headers/Public/React-hermes\"",
					"\"${PODS_ROOT}/Headers/Public/React-jsi\"",
					"\"${PODS_ROOT}/Headers/Public/React-jsiexecutor\"",
					"\"${PODS_ROOT}/Headers/Public/React-jsinspector\"",
					"\"${PODS_ROOT}/Headers/Public/React-logger\"",
					"\"${PODS_ROOT}/Headers/Public/React-perflogger\"",
					"\"${PODS_ROOT}/Headers/Public/React-runtimeexecutor\"",
					"\"${PODS_ROOT}/Headers/Public/React-runtimescheduler\"",
					"\"${PODS_ROOT}/Headers/Public/React-utils\"",
					"\"${PODS_ROOT}/Headers/Public/ReactCommon\"",
					"\"${PODS_ROOT}/Headers/Public/SocketRocket\"",
					"\"${PODS_ROOT}/Headers/Public/Yoga\"",
					"\"${PODS_ROOT}/Headers/Public/YogaKit\"",
					"\"${PODS_ROOT}/Headers/Public/fmt\"",
					"\"${PODS_ROOT}/Headers/Public/glog\"",
					"\"${PODS_ROOT}/Headers/Public/hermes-engine\"",
					"\"${PODS_ROOT}/Headers/Public/libevent\"",
					"\"${PODS_ROOT}/Headers/Public/react-native-mmkv-storage\"",
					"\"${PODS_ROOT}/Headers/Public/react-native-quick-crypto\"",
					"\"${PODS_ROOT}/Headers/Public/react-native-safe-area-context\"",
					"\"$(PODS_ROOT)/DoubleConversion\"",
					"\"$(PODS_ROOT)/boost\"",
					"\"$(PODS_ROOT)/Headers/Private/React-Core\"",
					"\"$(PODS_TARGET_SRCROOT)/include/\"",
					"\"$(PODS_ROOT)/boost\"",
					"\"$(PODS_ROOT)/boost-for-react-native\"",
					"\"$(PODS_ROOT)/glog\"",
					"\"${PODS_ROOT}/Headers/Public/React-hermes\"",
					"\"${PODS_ROOT}/Headers/Public/hermes-engine\"",
					"\"$(SRCROOT)/../../../node_modules/react-native/Libraries/LinkingIOS",
				);
				INFOPLIST_FILE = HomebasePhotos/Info.plist;
				INFOPLIST_KEY_CFBundleDisplayName = "Homebase Photos";
				INFOPLIST_KEY_LSApplicationCategoryType = "public.app-category.photography";
				LD_RUNPATH_SEARCH_PATHS = (
					"$(inherited)",
					"@executable_path/Frameworks",
				);
				MARKETING_VERSION = 1.0;
				OTHER_LDFLAGS = (
					"$(inherited)",
					"-ObjC",
					"-lc++",
				);
				PRODUCT_BUNDLE_IDENTIFIER = id.homebase.photos;
				PRODUCT_NAME = HomebasePhotos;
				PROVISIONING_PROFILE_SPECIFIER = "";
				SWIFT_OPTIMIZATION_LEVEL = "-Onone";
				SWIFT_VERSION = 5.0;
				VERSIONING_SYSTEM = "apple-generic";
			};
			name = Debug;
		};
		13B07F951A680F5B00A75B9A /* Release */ = {
			isa = XCBuildConfiguration;
			baseConfigurationReference = 18E6CCC90D9F77CAABCFA659 /* Pods-HomebasePhotos.release.xcconfig */;
			buildSettings = {
				ASSETCATALOG_COMPILER_APPICON_NAME = AppIcon;
				CLANG_ENABLE_MODULES = YES;
				CODE_SIGN_STYLE = Manual;
				CURRENT_PROJECT_VERSION = 1;
				DEVELOPMENT_TEAM = "";
				FRAMEWORK_SEARCH_PATHS = (
					"$(inherited)",
					"\"${PODS_ROOT}/Flipper-DoubleConversion/Frameworks\"",
					"\"${PODS_ROOT}/Flipper-Glog/Frameworks\"",
					"\"${PODS_ROOT}/OpenSSL-Universal/Frameworks\"",
					"\"${PODS_ROOT}/hermes-engine/destroot/Library/Frameworks/universal\"",
					"\"${PODS_XCFRAMEWORKS_BUILD_DIR}/Flipper-DoubleConversion\"",
					"\"${PODS_XCFRAMEWORKS_BUILD_DIR}/Flipper-Glog\"",
					"\"${PODS_XCFRAMEWORKS_BUILD_DIR}/OpenSSL-Universal\"",
					"\"${PODS_XCFRAMEWORKS_BUILD_DIR}/hermes-engine/Pre-built\"",
				);
				HEADER_SEARCH_PATHS = (
					"$(inherited)",
					"\"${PODS_ROOT}/Headers/Public\"",
					"\"${PODS_ROOT}/Headers/Public/CocoaAsyncSocket\"",
					"\"${PODS_ROOT}/Headers/Public/DoubleConversion\"",
					"\"${PODS_ROOT}/Headers/Public/FBLazyVector\"",
					"\"${PODS_ROOT}/Headers/Public/Flipper\"",
					"\"${PODS_ROOT}/Headers/Public/Flipper-Fmt\"",
					"\"${PODS_ROOT}/Headers/Public/Flipper-Folly\"",
					"\"${PODS_ROOT}/Headers/Public/Flipper-PeerTalk\"",
					"\"${PODS_ROOT}/Headers/Public/FlipperKit\"",
					"\"${PODS_ROOT}/Headers/Public/MMKV\"",
					"\"${PODS_ROOT}/Headers/Public/MMKVCore\"",
					"\"${PODS_ROOT}/Headers/Public/RCT-Folly\"",
					"\"${PODS_ROOT}/Headers/Public/RCTRequired\"",
					"\"${PODS_ROOT}/Headers/Public/RCTTypeSafety\"",
					"\"${PODS_ROOT}/Headers/Public/RNScreens\"",
					"\"${PODS_ROOT}/Headers/Public/React-Codegen\"",
					"\"${PODS_ROOT}/Headers/Public/React-Core\"",
					"\"${PODS_ROOT}/Headers/Public/React-NativeModulesApple\"",
					"\"${PODS_ROOT}/Headers/Public/React-RCTAnimation\"",
					"\"${PODS_ROOT}/Headers/Public/React-RCTAppDelegate\"",
					"\"${PODS_ROOT}/Headers/Public/React-RCTBlob\"",
					"\"${PODS_ROOT}/Headers/Public/React-RCTText\"",
					"\"${PODS_ROOT}/Headers/Public/React-callinvoker\"",
					"\"${PODS_ROOT}/Headers/Public/React-cxxreact\"",
					"\"${PODS_ROOT}/Headers/Public/React-debug\"",
					"\"${PODS_ROOT}/Headers/Public/React-hermes\"",
					"\"${PODS_ROOT}/Headers/Public/React-jsi\"",
					"\"${PODS_ROOT}/Headers/Public/React-jsiexecutor\"",
					"\"${PODS_ROOT}/Headers/Public/React-jsinspector\"",
					"\"${PODS_ROOT}/Headers/Public/React-logger\"",
					"\"${PODS_ROOT}/Headers/Public/React-perflogger\"",
					"\"${PODS_ROOT}/Headers/Public/React-runtimeexecutor\"",
					"\"${PODS_ROOT}/Headers/Public/React-runtimescheduler\"",
					"\"${PODS_ROOT}/Headers/Public/React-utils\"",
					"\"${PODS_ROOT}/Headers/Public/ReactCommon\"",
					"\"${PODS_ROOT}/Headers/Public/SocketRocket\"",
					"\"${PODS_ROOT}/Headers/Public/Yoga\"",
					"\"${PODS_ROOT}/Headers/Public/YogaKit\"",
					"\"${PODS_ROOT}/Headers/Public/fmt\"",
					"\"${PODS_ROOT}/Headers/Public/glog\"",
					"\"${PODS_ROOT}/Headers/Public/hermes-engine\"",
					"\"${PODS_ROOT}/Headers/Public/libevent\"",
					"\"${PODS_ROOT}/Headers/Public/react-native-mmkv-storage\"",
					"\"${PODS_ROOT}/Headers/Public/react-native-quick-crypto\"",
					"\"${PODS_ROOT}/Headers/Public/react-native-safe-area-context\"",
					"\"$(PODS_ROOT)/DoubleConversion\"",
					"\"$(PODS_ROOT)/boost\"",
					"\"$(PODS_ROOT)/Headers/Private/React-Core\"",
					"\"$(PODS_TARGET_SRCROOT)/include/\"",
					"\"$(PODS_ROOT)/boost\"",
					"\"$(PODS_ROOT)/boost-for-react-native\"",
					"\"$(PODS_ROOT)/glog\"",
					"\"${PODS_ROOT}/Headers/Public/React-hermes\"",
					"\"${PODS_ROOT}/Headers/Public/hermes-engine\"",
					"\"$(SRCROOT)/../../../node_modules/react-native/Libraries/LinkingIOS",
				);
				INFOPLIST_FILE = HomebasePhotos/Info.plist;
				INFOPLIST_KEY_CFBundleDisplayName = "Homebase Photos";
				INFOPLIST_KEY_LSApplicationCategoryType = "public.app-category.photography";
				LD_RUNPATH_SEARCH_PATHS = (
					"$(inherited)",
					"@executable_path/Frameworks",
				);
				MARKETING_VERSION = 1.0;
				OTHER_LDFLAGS = (
					"$(inherited)",
					"-ObjC",
					"-lc++",
				);
				PRODUCT_BUNDLE_IDENTIFIER = id.homebase.photos;
				PRODUCT_NAME = HomebasePhotos;
				PROVISIONING_PROFILE_SPECIFIER = "";
				SWIFT_VERSION = 5.0;
				VERSIONING_SYSTEM = "apple-generic";
			};
			name = Release;
		};
		83CBBA201A601CBA00E9B192 /* Debug */ = {
			isa = XCBuildConfiguration;
			buildSettings = {
				ALWAYS_SEARCH_USER_PATHS = NO;
				CLANG_ANALYZER_LOCALIZABILITY_NONLOCALIZED = YES;
				CLANG_CXX_LANGUAGE_STANDARD = "c++17";
				CLANG_CXX_LIBRARY = "libc++";
				CLANG_ENABLE_MODULES = YES;
				CLANG_ENABLE_OBJC_ARC = YES;
				CLANG_WARN_BLOCK_CAPTURE_AUTORELEASING = YES;
				CLANG_WARN_BOOL_CONVERSION = YES;
				CLANG_WARN_COMMA = YES;
				CLANG_WARN_CONSTANT_CONVERSION = YES;
				CLANG_WARN_DEPRECATED_OBJC_IMPLEMENTATIONS = YES;
				CLANG_WARN_DIRECT_OBJC_ISA_USAGE = YES_ERROR;
				CLANG_WARN_EMPTY_BODY = YES;
				CLANG_WARN_ENUM_CONVERSION = YES;
				CLANG_WARN_INFINITE_RECURSION = YES;
				CLANG_WARN_INT_CONVERSION = YES;
				CLANG_WARN_NON_LITERAL_NULL_CONVERSION = YES;
				CLANG_WARN_OBJC_IMPLICIT_RETAIN_SELF = YES;
				CLANG_WARN_OBJC_LITERAL_CONVERSION = YES;
				CLANG_WARN_OBJC_ROOT_CLASS = YES_ERROR;
				CLANG_WARN_QUOTED_INCLUDE_IN_FRAMEWORK_HEADER = YES;
				CLANG_WARN_RANGE_LOOP_ANALYSIS = YES;
				CLANG_WARN_STRICT_PROTOTYPES = YES;
				CLANG_WARN_SUSPICIOUS_MOVE = YES;
				CLANG_WARN_UNREACHABLE_CODE = YES;
				CLANG_WARN__DUPLICATE_METHOD_MATCH = YES;
				"CODE_SIGN_IDENTITY[sdk=iphoneos*]" = "iPhone Developer";
				COPY_PHASE_STRIP = NO;
				ENABLE_STRICT_OBJC_MSGSEND = YES;
				ENABLE_TESTABILITY = YES;
				"EXCLUDED_ARCHS[sdk=iphonesimulator*]" = i386;
				GCC_C_LANGUAGE_STANDARD = gnu99;
				GCC_DYNAMIC_NO_PIC = NO;
				GCC_NO_COMMON_BLOCKS = YES;
				GCC_OPTIMIZATION_LEVEL = 0;
				GCC_PREPROCESSOR_DEFINITIONS = (
					"DEBUG=1",
					"$(inherited)",
				);
				GCC_SYMBOLS_PRIVATE_EXTERN = NO;
				GCC_WARN_64_TO_32_BIT_CONVERSION = YES;
				GCC_WARN_ABOUT_RETURN_TYPE = YES_ERROR;
				GCC_WARN_UNDECLARED_SELECTOR = YES;
				GCC_WARN_UNINITIALIZED_AUTOS = YES_AGGRESSIVE;
				GCC_WARN_UNUSED_FUNCTION = YES;
				GCC_WARN_UNUSED_VARIABLE = YES;
				IPHONEOS_DEPLOYMENT_TARGET = 12.4;
				LD_RUNPATH_SEARCH_PATHS = (
					/usr/lib/swift,
					"$(inherited)",
				);
				LIBRARY_SEARCH_PATHS = (
					"\"$(SDKROOT)/usr/lib/swift\"",
					"\"$(TOOLCHAIN_DIR)/usr/lib/swift/$(PLATFORM_NAME)\"",
					"\"$(inherited)\"",
				);
				MTL_ENABLE_DEBUG_INFO = YES;
				ONLY_ACTIVE_ARCH = YES;
				OTHER_CFLAGS = "$(inherited)";
				OTHER_CPLUSPLUSFLAGS = (
					"$(OTHER_CFLAGS)",
					"-DFOLLY_NO_CONFIG",
					"-DFOLLY_MOBILE=1",
					"-DFOLLY_USE_LIBCPP=1",
				);
				REACT_NATIVE_PATH = "${PODS_ROOT}/../../../../node_modules/react-native";
				SDKROOT = iphoneos;
			};
			name = Debug;
		};
		83CBBA211A601CBA00E9B192 /* Release */ = {
			isa = XCBuildConfiguration;
			buildSettings = {
				ALWAYS_SEARCH_USER_PATHS = NO;
				CLANG_ANALYZER_LOCALIZABILITY_NONLOCALIZED = YES;
				CLANG_CXX_LANGUAGE_STANDARD = "c++17";
				CLANG_CXX_LIBRARY = "libc++";
				CLANG_ENABLE_MODULES = YES;
				CLANG_ENABLE_OBJC_ARC = YES;
				CLANG_WARN_BLOCK_CAPTURE_AUTORELEASING = YES;
				CLANG_WARN_BOOL_CONVERSION = YES;
				CLANG_WARN_COMMA = YES;
				CLANG_WARN_CONSTANT_CONVERSION = YES;
				CLANG_WARN_DEPRECATED_OBJC_IMPLEMENTATIONS = YES;
				CLANG_WARN_DIRECT_OBJC_ISA_USAGE = YES_ERROR;
				CLANG_WARN_EMPTY_BODY = YES;
				CLANG_WARN_ENUM_CONVERSION = YES;
				CLANG_WARN_INFINITE_RECURSION = YES;
				CLANG_WARN_INT_CONVERSION = YES;
				CLANG_WARN_NON_LITERAL_NULL_CONVERSION = YES;
				CLANG_WARN_OBJC_IMPLICIT_RETAIN_SELF = YES;
				CLANG_WARN_OBJC_LITERAL_CONVERSION = YES;
				CLANG_WARN_OBJC_ROOT_CLASS = YES_ERROR;
				CLANG_WARN_QUOTED_INCLUDE_IN_FRAMEWORK_HEADER = YES;
				CLANG_WARN_RANGE_LOOP_ANALYSIS = YES;
				CLANG_WARN_STRICT_PROTOTYPES = YES;
				CLANG_WARN_SUSPICIOUS_MOVE = YES;
				CLANG_WARN_UNREACHABLE_CODE = YES;
				CLANG_WARN__DUPLICATE_METHOD_MATCH = YES;
				"CODE_SIGN_IDENTITY[sdk=iphoneos*]" = "iPhone Developer";
				COPY_PHASE_STRIP = YES;
				ENABLE_NS_ASSERTIONS = NO;
				ENABLE_STRICT_OBJC_MSGSEND = YES;
				"EXCLUDED_ARCHS[sdk=iphonesimulator*]" = i386;
				GCC_C_LANGUAGE_STANDARD = gnu99;
				GCC_NO_COMMON_BLOCKS = YES;
				GCC_WARN_64_TO_32_BIT_CONVERSION = YES;
				GCC_WARN_ABOUT_RETURN_TYPE = YES_ERROR;
				GCC_WARN_UNDECLARED_SELECTOR = YES;
				GCC_WARN_UNINITIALIZED_AUTOS = YES_AGGRESSIVE;
				GCC_WARN_UNUSED_FUNCTION = YES;
				GCC_WARN_UNUSED_VARIABLE = YES;
				IPHONEOS_DEPLOYMENT_TARGET = 12.4;
				LD_RUNPATH_SEARCH_PATHS = (
					/usr/lib/swift,
					"$(inherited)",
				);
				LIBRARY_SEARCH_PATHS = (
					"\"$(SDKROOT)/usr/lib/swift\"",
					"\"$(TOOLCHAIN_DIR)/usr/lib/swift/$(PLATFORM_NAME)\"",
					"\"$(inherited)\"",
				);
				MTL_ENABLE_DEBUG_INFO = NO;
				OTHER_CFLAGS = "$(inherited)";
				OTHER_CPLUSPLUSFLAGS = (
					"$(OTHER_CFLAGS)",
					"-DFOLLY_NO_CONFIG",
					"-DFOLLY_MOBILE=1",
					"-DFOLLY_USE_LIBCPP=1",
				);
				REACT_NATIVE_PATH = "${PODS_ROOT}/../../../../node_modules/react-native";
				SDKROOT = iphoneos;
				VALIDATE_PRODUCT = YES;
			};
			name = Release;
		};
/* End XCBuildConfiguration section */

/* Begin XCConfigurationList section */
		00E357021AD99517003FC87E /* Build configuration list for PBXNativeTarget "HomebasePhotosTests" */ = {
			isa = XCConfigurationList;
			buildConfigurations = (
				00E356F61AD99517003FC87E /* Debug */,
				00E356F71AD99517003FC87E /* Release */,
			);
			defaultConfigurationIsVisible = 0;
			defaultConfigurationName = Release;
		};
		13B07F931A680F5B00A75B9A /* Build configuration list for PBXNativeTarget "HomebasePhotos" */ = {
			isa = XCConfigurationList;
			buildConfigurations = (
				13B07F941A680F5B00A75B9A /* Debug */,
				13B07F951A680F5B00A75B9A /* Release */,
			);
			defaultConfigurationIsVisible = 0;
			defaultConfigurationName = Release;
		};
		83CBB9FA1A601CBA00E9B192 /* Build configuration list for PBXProject "HomebasePhotos" */ = {
			isa = XCConfigurationList;
			buildConfigurations = (
				83CBBA201A601CBA00E9B192 /* Debug */,
				83CBBA211A601CBA00E9B192 /* Release */,
			);
			defaultConfigurationIsVisible = 0;
			defaultConfigurationName = Release;
		};
/* End XCConfigurationList section */
	};
	rootObject = 83CBB9F71A601CBA00E9B192 /* Project object */;
}
